// !$*UTF8*$!
{
	archiveVersion = 1;
	classes = {
	};
	objectVersion = 55;
	objects = {

/* Begin PBXBuildFile section */
		0F2962AB068D8DBA68D30D68 /* Pods_FuckingVPN.framework in Frameworks */ = {isa = PBXBuildFile; fileRef = 09FEE4729E6F0FC49119A35F /* Pods_FuckingVPN.framework */; };
		26C6FC962A8E5F0800BEA73A /* AppDelegate.swift in Sources */ = {isa = PBXBuildFile; fileRef = 26C6FC952A8E5F0800BEA73A /* AppDelegate.swift */; };
		26C6FC982A8E5F0800BEA73A /* SceneDelegate.swift in Sources */ = {isa = PBXBuildFile; fileRef = 26C6FC972A8E5F0800BEA73A /* SceneDelegate.swift */; };
		26C6FC9A2A8E5F0800BEA73A /* ViewController.swift in Sources */ = {isa = PBXBuildFile; fileRef = 26C6FC992A8E5F0800BEA73A /* ViewController.swift */; };
		26C6FC9D2A8E5F0800BEA73A /* Main.storyboard in Resources */ = {isa = PBXBuildFile; fileRef = 26C6FC9B2A8E5F0800BEA73A /* Main.storyboard */; };
		26C6FC9F2A8E5F0900BEA73A /* Assets.xcassets in Resources */ = {isa = PBXBuildFile; fileRef = 26C6FC9E2A8E5F0900BEA73A /* Assets.xcassets */; };
		26C6FCA22A8E5F0900BEA73A /* LaunchScreen.storyboard in Resources */ = {isa = PBXBuildFile; fileRef = 26C6FCA02A8E5F0900BEA73A /* LaunchScreen.storyboard */; };
		26C6FCB12A8E5F4A00BEA73A /* NetworkExtension.framework in Frameworks */ = {isa = PBXBuildFile; fileRef = 26C6FCB02A8E5F4A00BEA73A /* NetworkExtension.framework */; };
		26C6FCB42A8E5F4A00BEA73A /* PacketTunnelProvider.swift in Sources */ = {isa = PBXBuildFile; fileRef = 26C6FCB32A8E5F4A00BEA73A /* PacketTunnelProvider.swift */; };
		26C6FCB92A8E5F4A00BEA73A /* FuckingNE.appex in Embed Foundation Extensions */ = {isa = PBXBuildFile; fileRef = 26C6FCAE2A8E5F4A00BEA73A /* FuckingNE.appex */; settings = {ATTRIBUTES = (RemoveHeadersOnCopy, ); }; };
		4D09C2AAC8162E0A90E15C84 /* Pods_FuckingNE.framework in Frameworks */ = {isa = PBXBuildFile; fileRef = 2DA5C9E10B8761AC10F594AC /* Pods_FuckingNE.framework */; };
/* End PBXBuildFile section */

/* Begin PBXContainerItemProxy section */
		26C6FCB72A8E5F4A00BEA73A /* PBXContainerItemProxy */ = {
			isa = PBXContainerItemProxy;
			containerPortal = 26C6FC8A2A8E5F0800BEA73A /* Project object */;
			proxyType = 1;
			remoteGlobalIDString = 26C6FCAD2A8E5F4A00BEA73A;
			remoteInfo = FuckingNE;
		};
/* End PBXContainerItemProxy section */

/* Begin PBXCopyFilesBuildPhase section */
		26C6FCBD2A8E5F4A00BEA73A /* Embed Foundation Extensions */ = {
			isa = PBXCopyFilesBuildPhase;
			buildActionMask = 2147483647;
			dstPath = "";
			dstSubfolderSpec = 13;
			files = (
				26C6FCB92A8E5F4A00BEA73A /* FuckingNE.appex in Embed Foundation Extensions */,
			);
			name = "Embed Foundation Extensions";
			runOnlyForDeploymentPostprocessing = 0;
		};
/* End PBXCopyFilesBuildPhase section */

/* Begin PBXFileReference section */
		09FEE4729E6F0FC49119A35F /* Pods_FuckingVPN.framework */ = {isa = PBXFileReference; explicitFileType = wrapper.framework; includeInIndex = 0; path = Pods_FuckingVPN.framework; sourceTree = BUILT_PRODUCTS_DIR; };
		26C6FC922A8E5F0800BEA73A /* FuckingVPN.app */ = {isa = PBXFileReference; explicitFileType = wrapper.application; includeInIndex = 0; path = FuckingVPN.app; sourceTree = BUILT_PRODUCTS_DIR; };
		26C6FC952A8E5F0800BEA73A /* AppDelegate.swift */ = {isa = PBXFileReference; lastKnownFileType = sourcecode.swift; path = AppDelegate.swift; sourceTree = "<group>"; };
		26C6FC972A8E5F0800BEA73A /* SceneDelegate.swift */ = {isa = PBXFileReference; lastKnownFileType = sourcecode.swift; path = SceneDelegate.swift; sourceTree = "<group>"; };
		26C6FC992A8E5F0800BEA73A /* ViewController.swift */ = {isa = PBXFileReference; lastKnownFileType = sourcecode.swift; path = ViewController.swift; sourceTree = "<group>"; };
		26C6FC9C2A8E5F0800BEA73A /* Base */ = {isa = PBXFileReference; lastKnownFileType = file.storyboard; name = Base; path = Base.lproj/Main.storyboard; sourceTree = "<group>"; };
		26C6FC9E2A8E5F0900BEA73A /* Assets.xcassets */ = {isa = PBXFileReference; lastKnownFileType = folder.assetcatalog; path = Assets.xcassets; sourceTree = "<group>"; };
		26C6FCA12A8E5F0900BEA73A /* Base */ = {isa = PBXFileReference; lastKnownFileType = file.storyboard; name = Base; path = Base.lproj/LaunchScreen.storyboard; sourceTree = "<group>"; };
		26C6FCA32A8E5F0900BEA73A /* Info.plist */ = {isa = PBXFileReference; lastKnownFileType = text.plist.xml; path = Info.plist; sourceTree = "<group>"; };
		26C6FCA92A8E5F3500BEA73A /* FuckingVPN.entitlements */ = {isa = PBXFileReference; lastKnownFileType = text.plist.entitlements; path = FuckingVPN.entitlements; sourceTree = "<group>"; };
		26C6FCAE2A8E5F4A00BEA73A /* FuckingNE.appex */ = {isa = PBXFileReference; explicitFileType = "wrapper.app-extension"; includeInIndex = 0; path = FuckingNE.appex; sourceTree = BUILT_PRODUCTS_DIR; };
		26C6FCB02A8E5F4A00BEA73A /* NetworkExtension.framework */ = {isa = PBXFileReference; lastKnownFileType = wrapper.framework; name = NetworkExtension.framework; path = System/Library/Frameworks/NetworkExtension.framework; sourceTree = SDKROOT; };
		26C6FCB32A8E5F4A00BEA73A /* PacketTunnelProvider.swift */ = {isa = PBXFileReference; lastKnownFileType = sourcecode.swift; path = PacketTunnelProvider.swift; sourceTree = "<group>"; };
		26C6FCB52A8E5F4A00BEA73A /* Info.plist */ = {isa = PBXFileReference; lastKnownFileType = text.plist.xml; path = Info.plist; sourceTree = "<group>"; };
		26C6FCB62A8E5F4A00BEA73A /* FuckingNE.entitlements */ = {isa = PBXFileReference; lastKnownFileType = text.plist.entitlements; path = FuckingNE.entitlements; sourceTree = "<group>"; };
		2DA5C9E10B8761AC10F594AC /* Pods_FuckingNE.framework */ = {isa = PBXFileReference; explicitFileType = wrapper.framework; includeInIndex = 0; path = Pods_FuckingNE.framework; sourceTree = BUILT_PRODUCTS_DIR; };
		5581BA445CEB3AD574DB72E4 /* Pods-FuckingVPN.release.xcconfig */ = {isa = PBXFileReference; includeInIndex = 1; lastKnownFileType = text.xcconfig; name = "Pods-FuckingVPN.release.xcconfig"; path = "Target Support Files/Pods-FuckingVPN/Pods-FuckingVPN.release.xcconfig"; sourceTree = "<group>"; };
		8A4ED4C889DF2B9D275761FA /* Pods-FuckingNE.debug.xcconfig */ = {isa = PBXFileReference; includeInIndex = 1; lastKnownFileType = text.xcconfig; name = "Pods-FuckingNE.debug.xcconfig"; path = "Target Support Files/Pods-FuckingNE/Pods-FuckingNE.debug.xcconfig"; sourceTree = "<group>"; };
		8C3D568365A18E860E61D232 /* Pods-FuckingVPN.debug.xcconfig */ = {isa = PBXFileReference; includeInIndex = 1; lastKnownFileType = text.xcconfig; name = "Pods-FuckingVPN.debug.xcconfig"; path = "Target Support Files/Pods-FuckingVPN/Pods-FuckingVPN.debug.xcconfig"; sourceTree = "<group>"; };
		C3BA4406F2DC48FE2379EB2E /* Pods-FuckingNE.release.xcconfig */ = {isa = PBXFileReference; includeInIndex = 1; lastKnownFileType = text.xcconfig; name = "Pods-FuckingNE.release.xcconfig"; path = "Target Support Files/Pods-FuckingNE/Pods-FuckingNE.release.xcconfig"; sourceTree = "<group>"; };
/* End PBXFileReference section */

/* Begin PBXFrameworksBuildPhase section */
		26C6FC8F2A8E5F0800BEA73A /* Frameworks */ = {
			isa = PBXFrameworksBuildPhase;
			buildActionMask = 2147483647;
			files = (
				0F2962AB068D8DBA68D30D68 /* Pods_FuckingVPN.framework in Frameworks */,
			);
			runOnlyForDeploymentPostprocessing = 0;
		};
		26C6FCAB2A8E5F4A00BEA73A /* Frameworks */ = {
			isa = PBXFrameworksBuildPhase;
			buildActionMask = 2147483647;
			files = (
				26C6FCB12A8E5F4A00BEA73A /* NetworkExtension.framework in Frameworks */,
				4D09C2AAC8162E0A90E15C84 /* Pods_FuckingNE.framework in Frameworks */,
			);
			runOnlyForDeploymentPostprocessing = 0;
		};
/* End PBXFrameworksBuildPhase section */

/* Begin PBXGroup section */
		26C6FC892A8E5F0800BEA73A = {
			isa = PBXGroup;
			children = (
				26C6FC942A8E5F0800BEA73A /* FuckingVPN */,
				26C6FCB22A8E5F4A00BEA73A /* FuckingNE */,
				26C6FCAF2A8E5F4A00BEA73A /* Frameworks */,
				26C6FC932A8E5F0800BEA73A /* Products */,
				B82A3D04BA2647548C03A7F9 /* Pods */,
			);
			sourceTree = "<group>";
		};
		26C6FC932A8E5F0800BEA73A /* Products */ = {
			isa = PBXGroup;
			children = (
				26C6FC922A8E5F0800BEA73A /* FuckingVPN.app */,
				26C6FCAE2A8E5F4A00BEA73A /* FuckingNE.appex */,
			);
			name = Products;
			sourceTree = "<group>";
		};
		26C6FC942A8E5F0800BEA73A /* FuckingVPN */ = {
			isa = PBXGroup;
			children = (
				26C6FCA92A8E5F3500BEA73A /* FuckingVPN.entitlements */,
				26C6FC952A8E5F0800BEA73A /* AppDelegate.swift */,
				26C6FC972A8E5F0800BEA73A /* SceneDelegate.swift */,
				26C6FC992A8E5F0800BEA73A /* ViewController.swift */,
				26C6FC9B2A8E5F0800BEA73A /* Main.storyboard */,
				26C6FC9E2A8E5F0900BEA73A /* Assets.xcassets */,
				26C6FCA02A8E5F0900BEA73A /* LaunchScreen.storyboard */,
				26C6FCA32A8E5F0900BEA73A /* Info.plist */,
			);
			path = FuckingVPN;
			sourceTree = "<group>";
		};
		26C6FCAF2A8E5F4A00BEA73A /* Frameworks */ = {
			isa = PBXGroup;
			children = (
				26C6FCB02A8E5F4A00BEA73A /* NetworkExtension.framework */,
				2DA5C9E10B8761AC10F594AC /* Pods_FuckingNE.framework */,
				09FEE4729E6F0FC49119A35F /* Pods_FuckingVPN.framework */,
			);
			name = Frameworks;
			sourceTree = "<group>";
		};
		26C6FCB22A8E5F4A00BEA73A /* FuckingNE */ = {
			isa = PBXGroup;
			children = (
				26C6FCB32A8E5F4A00BEA73A /* PacketTunnelProvider.swift */,
				26C6FCB52A8E5F4A00BEA73A /* Info.plist */,
				26C6FCB62A8E5F4A00BEA73A /* FuckingNE.entitlements */,
			);
			path = FuckingNE;
			sourceTree = "<group>";
		};
		B82A3D04BA2647548C03A7F9 /* Pods */ = {
			isa = PBXGroup;
			children = (
				8A4ED4C889DF2B9D275761FA /* Pods-FuckingNE.debug.xcconfig */,
				C3BA4406F2DC48FE2379EB2E /* Pods-FuckingNE.release.xcconfig */,
				8C3D568365A18E860E61D232 /* Pods-FuckingVPN.debug.xcconfig */,
				5581BA445CEB3AD574DB72E4 /* Pods-FuckingVPN.release.xcconfig */,
			);
			path = Pods;
			sourceTree = "<group>";
		};
/* End PBXGroup section */

/* Begin PBXNativeTarget section */
		26C6FC912A8E5F0800BEA73A /* FuckingVPN */ = {
			isa = PBXNativeTarget;
			buildConfigurationList = 26C6FCA62A8E5F0900BEA73A /* Build configuration list for PBXNativeTarget "FuckingVPN" */;
			buildPhases = (
				4708F04C0D0506A1ED5E2974 /* [CP] Check Pods Manifest.lock */,
				26C6FC8E2A8E5F0800BEA73A /* Sources */,
				26C6FC8F2A8E5F0800BEA73A /* Frameworks */,
				26C6FC902A8E5F0800BEA73A /* Resources */,
				26C6FCBD2A8E5F4A00BEA73A /* Embed Foundation Extensions */,
				0A6399E86A7BCA47B6D250DD /* [CP] Embed Pods Frameworks */,
			);
			buildRules = (
			);
			dependencies = (
				26C6FCB82A8E5F4A00BEA73A /* PBXTargetDependency */,
			);
			name = FuckingVPN;
			productName = FuckingVPN;
			productReference = 26C6FC922A8E5F0800BEA73A /* FuckingVPN.app */;
			productType = "com.apple.product-type.application";
		};
		26C6FCAD2A8E5F4A00BEA73A /* FuckingNE */ = {
			isa = PBXNativeTarget;
			buildConfigurationList = 26C6FCBA2A8E5F4A00BEA73A /* Build configuration list for PBXNativeTarget "FuckingNE" */;
			buildPhases = (
				FA40F01B7D2ED5697260BE87 /* [CP] Check Pods Manifest.lock */,
				26C6FCAA2A8E5F4A00BEA73A /* Sources */,
				26C6FCAB2A8E5F4A00BEA73A /* Frameworks */,
				26C6FCAC2A8E5F4A00BEA73A /* Resources */,
			);
			buildRules = (
			);
			dependencies = (
			);
			name = FuckingNE;
			productName = FuckingNE;
			productReference = 26C6FCAE2A8E5F4A00BEA73A /* FuckingNE.appex */;
			productType = "com.apple.product-type.app-extension";
		};
/* End PBXNativeTarget section */

/* Begin PBXProject section */
		26C6FC8A2A8E5F0800BEA73A /* Project object */ = {
			isa = PBXProject;
			attributes = {
				BuildIndependentTargetsInParallel = 1;
				LastSwiftUpdateCheck = 1430;
				LastUpgradeCheck = 1430;
				TargetAttributes = {
					26C6FC912A8E5F0800BEA73A = {
						CreatedOnToolsVersion = 14.3.1;
					};
					26C6FCAD2A8E5F4A00BEA73A = {
						CreatedOnToolsVersion = 14.3.1;
					};
				};
			};
			buildConfigurationList = 26C6FC8D2A8E5F0800BEA73A /* Build configuration list for PBXProject "FuckingVPN" */;
			compatibilityVersion = "Xcode 13.0";
			developmentRegion = en;
			hasScannedForEncodings = 0;
			knownRegions = (
				en,
				Base,
			);
			mainGroup = 26C6FC892A8E5F0800BEA73A;
			productRefGroup = 26C6FC932A8E5F0800BEA73A /* Products */;
			projectDirPath = "";
			projectRoot = "";
			targets = (
				26C6FC912A8E5F0800BEA73A /* FuckingVPN */,
				26C6FCAD2A8E5F4A00BEA73A /* FuckingNE */,
			);
		};
/* End PBXProject section */

/* Begin PBXResourcesBuildPhase section */
		26C6FC902A8E5F0800BEA73A /* Resources */ = {
			isa = PBXResourcesBuildPhase;
			buildActionMask = 2147483647;
			files = (
				26C6FCA22A8E5F0900BEA73A /* LaunchScreen.storyboard in Resources */,
				26C6FC9F2A8E5F0900BEA73A /* Assets.xcassets in Resources */,
				26C6FC9D2A8E5F0800BEA73A /* Main.storyboard in Resources */,
			);
			runOnlyForDeploymentPostprocessing = 0;
		};
		26C6FCAC2A8E5F4A00BEA73A /* Resources */ = {
			isa = PBXResourcesBuildPhase;
			buildActionMask = 2147483647;
			files = (
			);
			runOnlyForDeploymentPostprocessing = 0;
		};
/* End PBXResourcesBuildPhase section */

/* Begin PBXShellScriptBuildPhase section */
		0A6399E86A7BCA47B6D250DD /* [CP] Embed Pods Frameworks */ = {
			isa = PBXShellScriptBuildPhase;
			buildActionMask = 2147483647;
			files = (
			);
			inputFileListPaths = (
				"${PODS_ROOT}/Target Support Files/Pods-FuckingVPN/Pods-FuckingVPN-frameworks-${CONFIGURATION}-input-files.xcfilelist",
			);
			name = "[CP] Embed Pods Frameworks";
			outputFileListPaths = (
				"${PODS_ROOT}/Target Support Files/Pods-FuckingVPN/Pods-FuckingVPN-frameworks-${CONFIGURATION}-output-files.xcfilelist",
			);
			runOnlyForDeploymentPostprocessing = 0;
			shellPath = /bin/sh;
			shellScript = "\"${PODS_ROOT}/Target Support Files/Pods-FuckingVPN/Pods-FuckingVPN-frameworks.sh\"\n";
			showEnvVarsInLog = 0;
		};
		4708F04C0D0506A1ED5E2974 /* [CP] Check Pods Manifest.lock */ = {
			isa = PBXShellScriptBuildPhase;
			buildActionMask = 2147483647;
			files = (
			);
			inputFileListPaths = (
			);
			inputPaths = (
				"${PODS_PODFILE_DIR_PATH}/Podfile.lock",
				"${PODS_ROOT}/Manifest.lock",
			);
			name = "[CP] Check Pods Manifest.lock";
			outputFileListPaths = (
			);
			outputPaths = (
				"$(DERIVED_FILE_DIR)/Pods-FuckingVPN-checkManifestLockResult.txt",
			);
			runOnlyForDeploymentPostprocessing = 0;
			shellPath = /bin/sh;
			shellScript = "diff \"${PODS_PODFILE_DIR_PATH}/Podfile.lock\" \"${PODS_ROOT}/Manifest.lock\" > /dev/null\nif [ $? != 0 ] ; then\n    # print error to STDERR\n    echo \"error: The sandbox is not in sync with the Podfile.lock. Run 'pod install' or update your CocoaPods installation.\" >&2\n    exit 1\nfi\n# This output is used by Xcode 'outputs' to avoid re-running this script phase.\necho \"SUCCESS\" > \"${SCRIPT_OUTPUT_FILE_0}\"\n";
			showEnvVarsInLog = 0;
		};
		FA40F01B7D2ED5697260BE87 /* [CP] Check Pods Manifest.lock */ = {
			isa = PBXShellScriptBuildPhase;
			buildActionMask = 2147483647;
			files = (
			);
			inputFileListPaths = (
			);
			inputPaths = (
				"${PODS_PODFILE_DIR_PATH}/Podfile.lock",
				"${PODS_ROOT}/Manifest.lock",
			);
			name = "[CP] Check Pods Manifest.lock";
			outputFileListPaths = (
			);
			outputPaths = (
				"$(DERIVED_FILE_DIR)/Pods-FuckingNE-checkManifestLockResult.txt",
			);
			runOnlyForDeploymentPostprocessing = 0;
			shellPath = /bin/sh;
			shellScript = "diff \"${PODS_PODFILE_DIR_PATH}/Podfile.lock\" \"${PODS_ROOT}/Manifest.lock\" > /dev/null\nif [ $? != 0 ] ; then\n    # print error to STDERR\n    echo \"error: The sandbox is not in sync with the Podfile.lock. Run 'pod install' or update your CocoaPods installation.\" >&2\n    exit 1\nfi\n# This output is used by Xcode 'outputs' to avoid re-running this script phase.\necho \"SUCCESS\" > \"${SCRIPT_OUTPUT_FILE_0}\"\n";
			showEnvVarsInLog = 0;
		};
/* End PBXShellScriptBuildPhase section */

/* Begin PBXSourcesBuildPhase section */
		26C6FC8E2A8E5F0800BEA73A /* Sources */ = {
			isa = PBXSourcesBuildPhase;
			buildActionMask = 2147483647;
			files = (
				26C6FC9A2A8E5F0800BEA73A /* ViewController.swift in Sources */,
				26C6FC962A8E5F0800BEA73A /* AppDelegate.swift in Sources */,
				26C6FC982A8E5F0800BEA73A /* SceneDelegate.swift in Sources */,
			);
			runOnlyForDeploymentPostprocessing = 0;
		};
		26C6FCAA2A8E5F4A00BEA73A /* Sources */ = {
			isa = PBXSourcesBuildPhase;
			buildActionMask = 2147483647;
			files = (
				26C6FCB42A8E5F4A00BEA73A /* PacketTunnelProvider.swift in Sources */,
			);
			runOnlyForDeploymentPostprocessing = 0;
		};
/* End PBXSourcesBuildPhase section */

/* Begin PBXTargetDependency section */
		26C6FCB82A8E5F4A00BEA73A /* PBXTargetDependency */ = {
			isa = PBXTargetDependency;
			target = 26C6FCAD2A8E5F4A00BEA73A /* FuckingNE */;
			targetProxy = 26C6FCB72A8E5F4A00BEA73A /* PBXContainerItemProxy */;
		};
/* End PBXTargetDependency section */

/* Begin PBXVariantGroup section */
		26C6FC9B2A8E5F0800BEA73A /* Main.storyboard */ = {
			isa = PBXVariantGroup;
			children = (
				26C6FC9C2A8E5F0800BEA73A /* Base */,
			);
			name = Main.storyboard;
			sourceTree = "<group>";
		};
		26C6FCA02A8E5F0900BEA73A /* LaunchScreen.storyboard */ = {
			isa = PBXVariantGroup;
			children = (
				26C6FCA12A8E5F0900BEA73A /* Base */,
			);
			name = LaunchScreen.storyboard;
			sourceTree = "<group>";
		};
/* End PBXVariantGroup section */

/* Begin XCBuildConfiguration section */
		26C6FCA42A8E5F0900BEA73A /* Debug */ = {
			isa = XCBuildConfiguration;
			buildSettings = {
				ALWAYS_SEARCH_USER_PATHS = NO;
				CLANG_ANALYZER_NONNULL = YES;
				CLANG_ANALYZER_NUMBER_OBJECT_CONVERSION = YES_AGGRESSIVE;
				CLANG_CXX_LANGUAGE_STANDARD = "gnu++20";
				CLANG_ENABLE_MODULES = YES;
				CLANG_ENABLE_OBJC_ARC = YES;
				CLANG_ENABLE_OBJC_WEAK = YES;
				CLANG_WARN_BLOCK_CAPTURE_AUTORELEASING = YES;
				CLANG_WARN_BOOL_CONVERSION = YES;
				CLANG_WARN_COMMA = YES;
				CLANG_WARN_CONSTANT_CONVERSION = YES;
				CLANG_WARN_DEPRECATED_OBJC_IMPLEMENTATIONS = YES;
				CLANG_WARN_DIRECT_OBJC_ISA_USAGE = YES_ERROR;
				CLANG_WARN_DOCUMENTATION_COMMENTS = YES;
				CLANG_WARN_EMPTY_BODY = YES;
				CLANG_WARN_ENUM_CONVERSION = YES;
				CLANG_WARN_INFINITE_RECURSION = YES;
				CLANG_WARN_INT_CONVERSION = YES;
				CLANG_WARN_NON_LITERAL_NULL_CONVERSION = YES;
				CLANG_WARN_OBJC_IMPLICIT_RETAIN_SELF = YES;
				CLANG_WARN_OBJC_LITERAL_CONVERSION = YES;
				CLANG_WARN_OBJC_ROOT_CLASS = YES_ERROR;
				CLANG_WARN_QUOTED_INCLUDE_IN_FRAMEWORK_HEADER = YES;
				CLANG_WARN_RANGE_LOOP_ANALYSIS = YES;
				CLANG_WARN_STRICT_PROTOTYPES = YES;
				CLANG_WARN_SUSPICIOUS_MOVE = YES;
				CLANG_WARN_UNGUARDED_AVAILABILITY = YES_AGGRESSIVE;
				CLANG_WARN_UNREACHABLE_CODE = YES;
				CLANG_WARN__DUPLICATE_METHOD_MATCH = YES;
				COPY_PHASE_STRIP = NO;
				DEBUG_INFORMATION_FORMAT = dwarf;
				ENABLE_STRICT_OBJC_MSGSEND = YES;
				ENABLE_TESTABILITY = YES;
				GCC_C_LANGUAGE_STANDARD = gnu11;
				GCC_DYNAMIC_NO_PIC = NO;
				GCC_NO_COMMON_BLOCKS = YES;
				GCC_OPTIMIZATION_LEVEL = 0;
				GCC_PREPROCESSOR_DEFINITIONS = (
					"DEBUG=1",
					"$(inherited)",
				);
				GCC_WARN_64_TO_32_BIT_CONVERSION = YES;
				GCC_WARN_ABOUT_RETURN_TYPE = YES_ERROR;
				GCC_WARN_UNDECLARED_SELECTOR = YES;
				GCC_WARN_UNINITIALIZED_AUTOS = YES_AGGRESSIVE;
				GCC_WARN_UNUSED_FUNCTION = YES;
				GCC_WARN_UNUSED_VARIABLE = YES;
				IPHONEOS_DEPLOYMENT_TARGET = 15.0;
				MTL_ENABLE_DEBUG_INFO = INCLUDE_SOURCE;
				MTL_FAST_MATH = YES;
				ONLY_ACTIVE_ARCH = YES;
				SDKROOT = iphoneos;
				SWIFT_ACTIVE_COMPILATION_CONDITIONS = DEBUG;
				SWIFT_OPTIMIZATION_LEVEL = "-Onone";
			};
			name = Debug;
		};
		26C6FCA52A8E5F0900BEA73A /* Release */ = {
			isa = XCBuildConfiguration;
			buildSettings = {
				ALWAYS_SEARCH_USER_PATHS = NO;
				CLANG_ANALYZER_NONNULL = YES;
				CLANG_ANALYZER_NUMBER_OBJECT_CONVERSION = YES_AGGRESSIVE;
				CLANG_CXX_LANGUAGE_STANDARD = "gnu++20";
				CLANG_ENABLE_MODULES = YES;
				CLANG_ENABLE_OBJC_ARC = YES;
				CLANG_ENABLE_OBJC_WEAK = YES;
				CLANG_WARN_BLOCK_CAPTURE_AUTORELEASING = YES;
				CLANG_WARN_BOOL_CONVERSION = YES;
				CLANG_WARN_COMMA = YES;
				CLANG_WARN_CONSTANT_CONVERSION = YES;
				CLANG_WARN_DEPRECATED_OBJC_IMPLEMENTATIONS = YES;
				CLANG_WARN_DIRECT_OBJC_ISA_USAGE = YES_ERROR;
				CLANG_WARN_DOCUMENTATION_COMMENTS = YES;
				CLANG_WARN_EMPTY_BODY = YES;
				CLANG_WARN_ENUM_CONVERSION = YES;
				CLANG_WARN_INFINITE_RECURSION = YES;
				CLANG_WARN_INT_CONVERSION = YES;
				CLANG_WARN_NON_LITERAL_NULL_CONVERSION = YES;
				CLANG_WARN_OBJC_IMPLICIT_RETAIN_SELF = YES;
				CLANG_WARN_OBJC_LITERAL_CONVERSION = YES;
				CLANG_WARN_OBJC_ROOT_CLASS = YES_ERROR;
				CLANG_WARN_QUOTED_INCLUDE_IN_FRAMEWORK_HEADER = YES;
				CLANG_WARN_RANGE_LOOP_ANALYSIS = YES;
				CLANG_WARN_STRICT_PROTOTYPES = YES;
				CLANG_WARN_SUSPICIOUS_MOVE = YES;
				CLANG_WARN_UNGUARDED_AVAILABILITY = YES_AGGRESSIVE;
				CLANG_WARN_UNREACHABLE_CODE = YES;
				CLANG_WARN__DUPLICATE_METHOD_MATCH = YES;
				COPY_PHASE_STRIP = NO;
				DEBUG_INFORMATION_FORMAT = "dwarf-with-dsym";
				ENABLE_NS_ASSERTIONS = NO;
				ENABLE_STRICT_OBJC_MSGSEND = YES;
				GCC_C_LANGUAGE_STANDARD = gnu11;
				GCC_NO_COMMON_BLOCKS = YES;
				GCC_WARN_64_TO_32_BIT_CONVERSION = YES;
				GCC_WARN_ABOUT_RETURN_TYPE = YES_ERROR;
				GCC_WARN_UNDECLARED_SELECTOR = YES;
				GCC_WARN_UNINITIALIZED_AUTOS = YES_AGGRESSIVE;
				GCC_WARN_UNUSED_FUNCTION = YES;
				GCC_WARN_UNUSED_VARIABLE = YES;
				IPHONEOS_DEPLOYMENT_TARGET = 15.0;
				MTL_ENABLE_DEBUG_INFO = NO;
				MTL_FAST_MATH = YES;
				SDKROOT = iphoneos;
				SWIFT_COMPILATION_MODE = wholemodule;
				SWIFT_OPTIMIZATION_LEVEL = "-O";
				VALIDATE_PRODUCT = YES;
			};
			name = Release;
		};
		26C6FCA72A8E5F0900BEA73A /* Debug */ = {
			isa = XCBuildConfiguration;
			baseConfigurationReference = 8C3D568365A18E860E61D232 /* Pods-FuckingVPN.debug.xcconfig */;
			buildSettings = {
				ALWAYS_EMBED_SWIFT_STANDARD_LIBRARIES = YES;
				ASSETCATALOG_COMPILER_APPICON_NAME = AppIcon;
				ASSETCATALOG_COMPILER_GLOBAL_ACCENT_COLOR_NAME = AccentColor;
				CODE_SIGN_ENTITLEMENTS = FuckingVPN/FuckingVPN.entitlements;
				CODE_SIGN_STYLE = Automatic;
				CURRENT_PROJECT_VERSION = 1;
				DEVELOPMENT_TEAM = 9875BH6JL2;
				GENERATE_INFOPLIST_FILE = YES;
				INFOPLIST_FILE = FuckingVPN/Info.plist;
				INFOPLIST_KEY_UIApplicationSupportsIndirectInputEvents = YES;
				INFOPLIST_KEY_UILaunchStoryboardName = LaunchScreen;
				INFOPLIST_KEY_UIMainStoryboardFile = Main;
				INFOPLIST_KEY_UISupportedInterfaceOrientations_iPad = "UIInterfaceOrientationPortrait UIInterfaceOrientationPortraitUpsideDown UIInterfaceOrientationLandscapeLeft UIInterfaceOrientationLandscapeRight";
				INFOPLIST_KEY_UISupportedInterfaceOrientations_iPhone = "UIInterfaceOrientationPortrait UIInterfaceOrientationLandscapeLeft UIInterfaceOrientationLandscapeRight";
				IPHONEOS_DEPLOYMENT_TARGET = 15.0;
				LD_RUNPATH_SEARCH_PATHS = (
					"$(inherited)",
					"@executable_path/Frameworks",
				);
				MARKETING_VERSION = 1.0;
				PRODUCT_BUNDLE_IDENTIFIER = "kanevsky.Beast-VPN.FuckingVPN";
				PRODUCT_NAME = "$(TARGET_NAME)";
				SUPPORTED_PLATFORMS = "iphoneos iphonesimulator";
				SUPPORTS_MACCATALYST = NO;
				SUPPORTS_MAC_DESIGNED_FOR_IPHONE_IPAD = NO;
				SWIFT_EMIT_LOC_STRINGS = YES;
				SWIFT_VERSION = 5.0;
				TARGETED_DEVICE_FAMILY = "1,2";
			};
			name = Debug;
		};
		26C6FCA82A8E5F0900BEA73A /* Release */ = {
			isa = XCBuildConfiguration;
			baseConfigurationReference = 5581BA445CEB3AD574DB72E4 /* Pods-FuckingVPN.release.xcconfig */;
			buildSettings = {
				ALWAYS_EMBED_SWIFT_STANDARD_LIBRARIES = YES;
				ASSETCATALOG_COMPILER_APPICON_NAME = AppIcon;
				ASSETCATALOG_COMPILER_GLOBAL_ACCENT_COLOR_NAME = AccentColor;
				CODE_SIGN_ENTITLEMENTS = FuckingVPN/FuckingVPN.entitlements;
				CODE_SIGN_STYLE = Automatic;
				CURRENT_PROJECT_VERSION = 1;
				DEVELOPMENT_TEAM = 9875BH6JL2;
				GENERATE_INFOPLIST_FILE = YES;
				INFOPLIST_FILE = FuckingVPN/Info.plist;
				INFOPLIST_KEY_UIApplicationSupportsIndirectInputEvents = YES;
				INFOPLIST_KEY_UILaunchStoryboardName = LaunchScreen;
				INFOPLIST_KEY_UIMainStoryboardFile = Main;
				INFOPLIST_KEY_UISupportedInterfaceOrientations_iPad = "UIInterfaceOrientationPortrait UIInterfaceOrientationPortraitUpsideDown UIInterfaceOrientationLandscapeLeft UIInterfaceOrientationLandscapeRight";
				INFOPLIST_KEY_UISupportedInterfaceOrientations_iPhone = "UIInterfaceOrientationPortrait UIInterfaceOrientationLandscapeLeft UIInterfaceOrientationLandscapeRight";
				IPHONEOS_DEPLOYMENT_TARGET = 15.0;
				LD_RUNPATH_SEARCH_PATHS = (
					"$(inherited)",
					"@executable_path/Frameworks",
				);
				MARKETING_VERSION = 1.0;
				PRODUCT_BUNDLE_IDENTIFIER = "kanevsky.Beast-VPN.FuckingVPN";
				PRODUCT_NAME = "$(TARGET_NAME)";
				SUPPORTED_PLATFORMS = "iphoneos iphonesimulator";
				SUPPORTS_MACCATALYST = NO;
				SUPPORTS_MAC_DESIGNED_FOR_IPHONE_IPAD = NO;
				SWIFT_EMIT_LOC_STRINGS = YES;
				SWIFT_VERSION = 5.0;
				TARGETED_DEVICE_FAMILY = "1,2";
			};
			name = Release;
		};
		26C6FCBB2A8E5F4A00BEA73A /* Debug */ = {
			isa = XCBuildConfiguration;
			baseConfigurationReference = 8A4ED4C889DF2B9D275761FA /* Pods-FuckingNE.debug.xcconfig */;
			buildSettings = {
				CODE_SIGN_ENTITLEMENTS = FuckingNE/FuckingNE.entitlements;
				CODE_SIGN_STYLE = Automatic;
				CURRENT_PROJECT_VERSION = 1;
				DEVELOPMENT_TEAM = 9875BH6JL2;
				GENERATE_INFOPLIST_FILE = YES;
				INFOPLIST_FILE = FuckingNE/Info.plist;
				INFOPLIST_KEY_CFBundleDisplayName = FuckingNE;
				INFOPLIST_KEY_NSHumanReadableCopyright = "";
				LD_RUNPATH_SEARCH_PATHS = (
					"$(inherited)",
					"@executable_path/Frameworks",
					"@executable_path/../../Frameworks",
				);
				MARKETING_VERSION = 1.0;
				PRODUCT_BUNDLE_IDENTIFIER = "kanevsky.Beast-VPN.FuckingVPN.FuckingNE";
				PRODUCT_NAME = "$(TARGET_NAME)";
				SKIP_INSTALL = YES;
				SWIFT_EMIT_LOC_STRINGS = YES;
				SWIFT_VERSION = 5.0;
				TARGETED_DEVICE_FAMILY = "1,2";
			};
			name = Debug;
		};
		26C6FCBC2A8E5F4A00BEA73A /* Release */ = {
			isa = XCBuildConfiguration;
			baseConfigurationReference = C3BA4406F2DC48FE2379EB2E /* Pods-FuckingNE.release.xcconfig */;
			buildSettings = {
				CODE_SIGN_ENTITLEMENTS = FuckingNE/FuckingNE.entitlements;
				CODE_SIGN_STYLE = Automatic;
				CURRENT_PROJECT_VERSION = 1;
				DEVELOPMENT_TEAM = 9875BH6JL2;
				GENERATE_INFOPLIST_FILE = YES;
				INFOPLIST_FILE = FuckingNE/Info.plist;
				INFOPLIST_KEY_CFBundleDisplayName = FuckingNE;
				INFOPLIST_KEY_NSHumanReadableCopyright = "";
				LD_RUNPATH_SEARCH_PATHS = (
					"$(inherited)",
					"@executable_path/Frameworks",
					"@executable_path/../../Frameworks",
				);
				MARKETING_VERSION = 1.0;
				PRODUCT_BUNDLE_IDENTIFIER = "kanevsky.Beast-VPN.FuckingVPN.FuckingNE";
				PRODUCT_NAME = "$(TARGET_NAME)";
				SKIP_INSTALL = YES;
				SWIFT_EMIT_LOC_STRINGS = YES;
				SWIFT_VERSION = 5.0;
				TARGETED_DEVICE_FAMILY = "1,2";
			};
			name = Release;
		};
/* End XCBuildConfiguration section */

/* Begin XCConfigurationList section */
		26C6FC8D2A8E5F0800BEA73A /* Build configuration list for PBXProject "FuckingVPN" */ = {
			isa = XCConfigurationList;
			buildConfigurations = (
				26C6FCA42A8E5F0900BEA73A /* Debug */,
				26C6FCA52A8E5F0900BEA73A /* Release */,
			);
			defaultConfigurationIsVisible = 0;
			defaultConfigurationName = Release;
		};
		26C6FCA62A8E5F0900BEA73A /* Build configuration list for PBXNativeTarget "FuckingVPN" */ = {
			isa = XCConfigurationList;
			buildConfigurations = (
				26C6FCA72A8E5F0900BEA73A /* Debug */,
				26C6FCA82A8E5F0900BEA73A /* Release */,
			);
			defaultConfigurationIsVisible = 0;
			defaultConfigurationName = Release;
		};
		26C6FCBA2A8E5F4A00BEA73A /* Build configuration list for PBXNativeTarget "FuckingNE" */ = {
			isa = XCConfigurationList;
			buildConfigurations = (
				26C6FCBB2A8E5F4A00BEA73A /* Debug */,
				26C6FCBC2A8E5F4A00BEA73A /* Release */,
			);
			defaultConfigurationIsVisible = 0;
			defaultConfigurationName = Release;
		};
/* End XCConfigurationList section */
	};
	rootObject = 26C6FC8A2A8E5F0800BEA73A /* Project object */;
}
